
Microsoft Visual Studio Solution File, Format Version 12.00
# Visual Studio Version 17
VisualStudioVersion = 17.1.32210.238
MinimumVisualStudioVersion = 10.0.40219.1
Project("{9A19103F-16F7-4668-BE54-9A1E7A4F7556}") = "WebAdvert_AWS", "WebAdvert_AWS\WebAdvert_AWS.csproj", "{AA6A351E-BAEF-4965-95DE-A1C18C342213}"
EndProject
Project("{9A19103F-16F7-4668-BE54-9A1E7A4F7556}") = "AdvertAPI", "AdvertAPI\AdvertAPI.csproj", "{08C8CCE9-8049-4A62-86E8-25DDCC556BCC}"
EndProject
Project("{9A19103F-16F7-4668-BE54-9A1E7A4F7556}") = "AdvertAPI.Models", "AdvertAPI.Models\AdvertAPI.Models.csproj", "{C7C057FD-B70A-4E11-9A42-EA1D51890CAF}"
EndProject
Project("{9A19103F-16F7-4668-BE54-9A1E7A4F7556}") = "SearchWorkerLambda", "SearchWorkerLambda\SearchWorkerLambda.csproj", "{23C3EA81-A041-42CC-A180-13FCE806DE59}"
EndProject
Project("{9A19103F-16F7-4668-BE54-9A1E7A4F7556}") = "WebAdvert.SearchApi", "WebAdvert.SearchApi\WebAdvert.SearchApi.csproj", "{68C734A3-451B-4E1E-B53B-67FD63A00F74}"
EndProject
Global
	GlobalSection(SolutionConfigurationPlatforms) = preSolution
		Debug|Any CPU = Debug|Any CPU
		Release|Any CPU = Release|Any CPU
	EndGlobalSection
	GlobalSection(ProjectConfigurationPlatforms) = postSolution
		{AA6A351E-BAEF-4965-95DE-A1C18C342213}.Debug|Any CPU.ActiveCfg = Debug|Any CPU
		{AA6A351E-BAEF-4965-95DE-A1C18C342213}.Debug|Any CPU.Build.0 = Debug|Any CPU
		{AA6A351E-BAEF-4965-95DE-A1C18C342213}.Release|Any CPU.ActiveCfg = Release|Any CPU
		{AA6A351E-BAEF-4965-95DE-A1C18C342213}.Release|Any CPU.Build.0 = Release|Any CPU
		{08C8CCE9-8049-4A62-86E8-25DDCC556BCC}.Debug|Any CPU.ActiveCfg = Debug|Any CPU
		{08C8CCE9-8049-4A62-86E8-25DDCC556BCC}.Debug|Any CPU.Build.0 = Debug|Any CPU
		{08C8CCE9-8049-4A62-86E8-25DDCC556BCC}.Release|Any CPU.ActiveCfg = Release|Any CPU
		{08C8CCE9-8049-4A62-86E8-25DDCC556BCC}.Release|Any CPU.Build.0 = Release|Any CPU
		{C7C057FD-B70A-4E11-9A42-EA1D51890CAF}.Debug|Any CPU.ActiveCfg = Debug|Any CPU
		{C7C057FD-B70A-4E11-9A42-EA1D51890CAF}.Debug|Any CPU.Build.0 = Debug|Any CPU
		{C7C057FD-B70A-4E11-9A42-EA1D51890CAF}.Release|Any CPU.ActiveCfg = Release|Any CPU
		{C7C057FD-B70A-4E11-9A42-EA1D51890CAF}.Release|Any CPU.Build.0 = Release|Any CPU
		{23C3EA81-A041-42CC-A180-13FCE806DE59}.Debug|Any CPU.ActiveCfg = Debug|Any CPU
		{23C3EA81-A041-42CC-A180-13FCE806DE59}.Debug|Any CPU.Build.0 = Debug|Any CPU
		{23C3EA81-A041-42CC-A180-13FCE806DE59}.Release|Any CPU.ActiveCfg = Release|Any CPU
		{23C3EA81-A041-42CC-A180-13FCE806DE59}.Release|Any CPU.Build.0 = Release|Any CPU
		{68C734A3-451B-4E1E-B53B-67FD63A00F74}.Debug|Any CPU.ActiveCfg = Debug|Any CPU
		{68C734A3-451B-4E1E-B53B-67FD63A00F74}.Debug|Any CPU.Build.0 = Debug|Any CPU
		{68C734A3-451B-4E1E-B53B-67FD63A00F74}.Release|Any CPU.ActiveCfg = Release|Any CPU
		{68C734A3-451B-4E1E-B53B-67FD63A00F74}.Release|Any CPU.Build.0 = Release|Any CPU
	EndGlobalSection
	GlobalSection(SolutionProperties) = preSolution
		HideSolutionNode = FALSE
	EndGlobalSection
	GlobalSection(ExtensibilityGlobals) = postSolution
		SolutionGuid = {8D424197-A8AA-4ACC-9548-12D650BABC2F}
	EndGlobalSection
EndGlobal
